// !$*UTF8*$!
{
	archiveVersion = 1;
	classes = {
	};
	objectVersion = 46;
	objects = {

/* Begin PBXBuildFile section */
		463B78C717C85D0700D0E904 /* Social.framework in Frameworks */ = {isa = PBXBuildFile; fileRef = 463B78C617C85D0700D0E904 /* Social.framework */; };
		463B78D017C88C1700D0E904 /* Accounts.framework in Frameworks */ = {isa = PBXBuildFile; fileRef = 463B78CF17C88C1700D0E904 /* Accounts.framework */; };
		463B78FF17C8A7F300D0E904 /* TeamNavigationBar.m in Sources */ = {isa = PBXBuildFile; fileRef = 463B78FE17C8A7F300D0E904 /* TeamNavigationBar.m */; };
		463B790317C8CA2D00D0E904 /* QuartzCore.framework in Frameworks */ = {isa = PBXBuildFile; fileRef = 463B790217C8CA2D00D0E904 /* QuartzCore.framework */; };
		463B790617C8D2DC00D0E904 /* TwitterFeedTableViewViewController.m in Sources */ = {isa = PBXBuildFile; fileRef = 463B790517C8D2DC00D0E904 /* TwitterFeedTableViewViewController.m */; };
		46EB918617C840FE0038B07E /* UIKit.framework in Frameworks */ = {isa = PBXBuildFile; fileRef = 46EB918517C840FE0038B07E /* UIKit.framework */; };
		46EB918817C840FE0038B07E /* Foundation.framework in Frameworks */ = {isa = PBXBuildFile; fileRef = 46EB918717C840FE0038B07E /* Foundation.framework */; };
		46EB918A17C840FE0038B07E /* CoreGraphics.framework in Frameworks */ = {isa = PBXBuildFile; fileRef = 46EB918917C840FE0038B07E /* CoreGraphics.framework */; };
		46EB919017C840FE0038B07E /* InfoPlist.strings in Resources */ = {isa = PBXBuildFile; fileRef = 46EB918E17C840FE0038B07E /* InfoPlist.strings */; };
		46EB919217C840FE0038B07E /* main.m in Sources */ = {isa = PBXBuildFile; fileRef = 46EB919117C840FE0038B07E /* main.m */; };
		46EB919617C840FE0038B07E /* AppDelegate.m in Sources */ = {isa = PBXBuildFile; fileRef = 46EB919517C840FE0038B07E /* AppDelegate.m */; };
		46EB919817C840FE0038B07E /* Default.png in Resources */ = {isa = PBXBuildFile; fileRef = 46EB919717C840FE0038B07E /* Default.png */; };
		46EB919A17C840FE0038B07E /* Default@2x.png in Resources */ = {isa = PBXBuildFile; fileRef = 46EB919917C840FE0038B07E /* Default@2x.png */; };
		46EB919C17C840FE0038B07E /* Default-568h@2x.png in Resources */ = {isa = PBXBuildFile; fileRef = 46EB919B17C840FE0038B07E /* Default-568h@2x.png */; };
		46EB919F17C840FE0038B07E /* MainStoryboard.storyboard in Resources */ = {isa = PBXBuildFile; fileRef = 46EB919D17C840FE0038B07E /* MainStoryboard.storyboard */; };
		46EB91A217C840FE0038B07E /* ViewController.m in Sources */ = {isa = PBXBuildFile; fileRef = 46EB91A117C840FE0038B07E /* ViewController.m */; };
		46EB91AC17C84C900038B07E /* TeamsViewController.m in Sources */ = {isa = PBXBuildFile; fileRef = 46EB91AB17C84C900038B07E /* TeamsViewController.m */; };
		BC0BB97017C86E630045F965 /* DBManager.m in Sources */ = {isa = PBXBuildFile; fileRef = BC0BB96F17C86E630045F965 /* DBManager.m */; };
		BC0BB97217C871630045F965 /* libsqlite3.dylib in Frameworks */ = {isa = PBXBuildFile; fileRef = BC0BB97117C871630045F965 /* libsqlite3.dylib */; };
		BCE16F5617C86B7900104584 /* create.sql in Resources */ = {isa = PBXBuildFile; fileRef = BCE16F5317C86B7900104584 /* create.sql */; };
		BCE16F5717C86B7900104584 /* makedb.sh in Resources */ = {isa = PBXBuildFile; fileRef = BCE16F5417C86B7900104584 /* makedb.sh */; };
		BCE16F5817C86B7900104584 /* master.db in Resources */ = {isa = PBXBuildFile; fileRef = BCE16F5517C86B7900104584 /* master.db */; };
/* End PBXBuildFile section */

/* Begin PBXFileReference section */
		463B78C617C85D0700D0E904 /* Social.framework */ = {isa = PBXFileReference; lastKnownFileType = wrapper.framework; name = Social.framework; path = System/Library/Frameworks/Social.framework; sourceTree = SDKROOT; };
		463B78CF17C88C1700D0E904 /* Accounts.framework */ = {isa = PBXFileReference; lastKnownFileType = wrapper.framework; name = Accounts.framework; path = System/Library/Frameworks/Accounts.framework; sourceTree = SDKROOT; };
		463B78FD17C8A7F300D0E904 /* TeamNavigationBar.h */ = {isa = PBXFileReference; fileEncoding = 4; lastKnownFileType = sourcecode.c.h; path = TeamNavigationBar.h; sourceTree = "<group>"; };
		463B78FE17C8A7F300D0E904 /* TeamNavigationBar.m */ = {isa = PBXFileReference; fileEncoding = 4; lastKnownFileType = sourcecode.c.objc; path = TeamNavigationBar.m; sourceTree = "<group>"; };
		463B790217C8CA2D00D0E904 /* QuartzCore.framework */ = {isa = PBXFileReference; lastKnownFileType = wrapper.framework; name = QuartzCore.framework; path = System/Library/Frameworks/QuartzCore.framework; sourceTree = SDKROOT; };
		463B790417C8D2DC00D0E904 /* TwitterFeedTableViewViewController.h */ = {isa = PBXFileReference; fileEncoding = 4; lastKnownFileType = sourcecode.c.h; path = TwitterFeedTableViewViewController.h; sourceTree = "<group>"; };
		463B790517C8D2DC00D0E904 /* TwitterFeedTableViewViewController.m */ = {isa = PBXFileReference; fileEncoding = 4; lastKnownFileType = sourcecode.c.objc; path = TwitterFeedTableViewViewController.m; sourceTree = "<group>"; };
		46EB918217C840FE0038B07E /* Let's Tailgate.app */ = {isa = PBXFileReference; explicitFileType = wrapper.application; includeInIndex = 0; path = "Let's Tailgate.app"; sourceTree = BUILT_PRODUCTS_DIR; };
		46EB918517C840FE0038B07E /* UIKit.framework */ = {isa = PBXFileReference; lastKnownFileType = wrapper.framework; name = UIKit.framework; path = System/Library/Frameworks/UIKit.framework; sourceTree = SDKROOT; };
		46EB918717C840FE0038B07E /* Foundation.framework */ = {isa = PBXFileReference; lastKnownFileType = wrapper.framework; name = Foundation.framework; path = System/Library/Frameworks/Foundation.framework; sourceTree = SDKROOT; };
		46EB918917C840FE0038B07E /* CoreGraphics.framework */ = {isa = PBXFileReference; lastKnownFileType = wrapper.framework; name = CoreGraphics.framework; path = System/Library/Frameworks/CoreGraphics.framework; sourceTree = SDKROOT; };
		46EB918D17C840FE0038B07E /* Let's Tailgate-Info.plist */ = {isa = PBXFileReference; lastKnownFileType = text.plist.xml; path = "Let's Tailgate-Info.plist"; sourceTree = "<group>"; };
		46EB918F17C840FE0038B07E /* en */ = {isa = PBXFileReference; lastKnownFileType = text.plist.strings; name = en; path = en.lproj/InfoPlist.strings; sourceTree = "<group>"; };
		46EB919117C840FE0038B07E /* main.m */ = {isa = PBXFileReference; lastKnownFileType = sourcecode.c.objc; path = main.m; sourceTree = "<group>"; };
		46EB919317C840FE0038B07E /* Let's Tailgate-Prefix.pch */ = {isa = PBXFileReference; lastKnownFileType = sourcecode.c.h; path = "Let's Tailgate-Prefix.pch"; sourceTree = "<group>"; };
		46EB919417C840FE0038B07E /* AppDelegate.h */ = {isa = PBXFileReference; lastKnownFileType = sourcecode.c.h; path = AppDelegate.h; sourceTree = "<group>"; };
		46EB919517C840FE0038B07E /* AppDelegate.m */ = {isa = PBXFileReference; lastKnownFileType = sourcecode.c.objc; path = AppDelegate.m; sourceTree = "<group>"; };
		46EB919717C840FE0038B07E /* Default.png */ = {isa = PBXFileReference; lastKnownFileType = image.png; path = Default.png; sourceTree = "<group>"; };
		46EB919917C840FE0038B07E /* Default@2x.png */ = {isa = PBXFileReference; lastKnownFileType = image.png; path = "Default@2x.png"; sourceTree = "<group>"; };
		46EB919B17C840FE0038B07E /* Default-568h@2x.png */ = {isa = PBXFileReference; lastKnownFileType = image.png; path = "Default-568h@2x.png"; sourceTree = "<group>"; };
		46EB919E17C840FE0038B07E /* en */ = {isa = PBXFileReference; lastKnownFileType = file.storyboard; name = en; path = en.lproj/MainStoryboard.storyboard; sourceTree = "<group>"; };
		46EB91A017C840FE0038B07E /* ViewController.h */ = {isa = PBXFileReference; lastKnownFileType = sourcecode.c.h; path = ViewController.h; sourceTree = "<group>"; };
		46EB91A117C840FE0038B07E /* ViewController.m */ = {isa = PBXFileReference; lastKnownFileType = sourcecode.c.objc; path = ViewController.m; sourceTree = "<group>"; };
		46EB91AA17C84C900038B07E /* TeamsViewController.h */ = {isa = PBXFileReference; fileEncoding = 4; lastKnownFileType = sourcecode.c.h; path = TeamsViewController.h; sourceTree = "<group>"; };
		46EB91AB17C84C900038B07E /* TeamsViewController.m */ = {isa = PBXFileReference; fileEncoding = 4; lastKnownFileType = sourcecode.c.objc; path = TeamsViewController.m; sourceTree = "<group>"; };
		BC0BB96E17C86E630045F965 /* DBManager.h */ = {isa = PBXFileReference; fileEncoding = 4; lastKnownFileType = sourcecode.c.h; path = DBManager.h; sourceTree = "<group>"; };
		BC0BB96F17C86E630045F965 /* DBManager.m */ = {isa = PBXFileReference; fileEncoding = 4; lastKnownFileType = sourcecode.c.objc; path = DBManager.m; sourceTree = "<group>"; };
		BC0BB97117C871630045F965 /* libsqlite3.dylib */ = {isa = PBXFileReference; lastKnownFileType = "compiled.mach-o.dylib"; name = libsqlite3.dylib; path = usr/lib/libsqlite3.dylib; sourceTree = SDKROOT; };
		BCE16F5317C86B7900104584 /* create.sql */ = {isa = PBXFileReference; fileEncoding = 4; lastKnownFileType = text; path = create.sql; sourceTree = "<group>"; };
		BCE16F5417C86B7900104584 /* makedb.sh */ = {isa = PBXFileReference; fileEncoding = 4; lastKnownFileType = text.script.sh; path = makedb.sh; sourceTree = "<group>"; };
		BCE16F5517C86B7900104584 /* master.db */ = {isa = PBXFileReference; lastKnownFileType = file; path = master.db; sourceTree = "<group>"; };
/* End PBXFileReference section */

/* Begin PBXFrameworksBuildPhase section */
		46EB917F17C840FE0038B07E /* Frameworks */ = {
			isa = PBXFrameworksBuildPhase;
			buildActionMask = 2147483647;
			files = (
				463B790317C8CA2D00D0E904 /* QuartzCore.framework in Frameworks */,
				463B78D017C88C1700D0E904 /* Accounts.framework in Frameworks */,
				BC0BB97217C871630045F965 /* libsqlite3.dylib in Frameworks */,
				463B78C717C85D0700D0E904 /* Social.framework in Frameworks */,
				46EB918617C840FE0038B07E /* UIKit.framework in Frameworks */,
				46EB918817C840FE0038B07E /* Foundation.framework in Frameworks */,
				46EB918A17C840FE0038B07E /* CoreGraphics.framework in Frameworks */,
			);
			runOnlyForDeploymentPostprocessing = 0;
		};
/* End PBXFrameworksBuildPhase section */

/* Begin PBXGroup section */
		46EB917917C840FE0038B07E = {
			isa = PBXGroup;
			children = (
				46EB918B17C840FE0038B07E /* Let's Tailgate */,
				46EB918417C840FE0038B07E /* Frameworks */,
				46EB918317C840FE0038B07E /* Products */,
			);
			sourceTree = "<group>";
		};
		46EB918317C840FE0038B07E /* Products */ = {
			isa = PBXGroup;
			children = (
				46EB918217C840FE0038B07E /* Let's Tailgate.app */,
			);
			name = Products;
			sourceTree = "<group>";
		};
		46EB918417C840FE0038B07E /* Frameworks */ = {
			isa = PBXGroup;
			children = (
				463B790217C8CA2D00D0E904 /* QuartzCore.framework */,
				463B78CF17C88C1700D0E904 /* Accounts.framework */,
				BC0BB97117C871630045F965 /* libsqlite3.dylib */,
				463B78C617C85D0700D0E904 /* Social.framework */,
				46EB918517C840FE0038B07E /* UIKit.framework */,
				46EB918717C840FE0038B07E /* Foundation.framework */,
				46EB918917C840FE0038B07E /* CoreGraphics.framework */,
			);
			name = Frameworks;
			sourceTree = "<group>";
		};
		46EB918B17C840FE0038B07E /* Let's Tailgate */ = {
			isa = PBXGroup;
			children = (
				BC0BB96E17C86E630045F965 /* DBManager.h */,
				BC0BB96F17C86E630045F965 /* DBManager.m */,
				463B78FD17C8A7F300D0E904 /* TeamNavigationBar.h */,
				463B78FE17C8A7F300D0E904 /* TeamNavigationBar.m */,
				463B790417C8D2DC00D0E904 /* TwitterFeedTableViewViewController.h */,
				463B790517C8D2DC00D0E904 /* TwitterFeedTableViewViewController.m */,
				46EB919417C840FE0038B07E /* AppDelegate.h */,
				46EB919517C840FE0038B07E /* AppDelegate.m */,
				46EB919D17C840FE0038B07E /* MainStoryboard.storyboard */,
				46EB91A017C840FE0038B07E /* ViewController.h */,
				46EB91A117C840FE0038B07E /* ViewController.m */,
				46EB91AA17C84C900038B07E /* TeamsViewController.h */,
				46EB91AB17C84C900038B07E /* TeamsViewController.m */,
				46EB918C17C840FE0038B07E /* Supporting Files */,
			);
			path = "Let's Tailgate";
			sourceTree = "<group>";
		};
		46EB918C17C840FE0038B07E /* Supporting Files */ = {
			isa = PBXGroup;
			children = (
				BCE16F5317C86B7900104584 /* create.sql */,
				BCE16F5417C86B7900104584 /* makedb.sh */,
				BCE16F5517C86B7900104584 /* master.db */,
				46EB918D17C840FE0038B07E /* Let's Tailgate-Info.plist */,
				46EB918E17C840FE0038B07E /* InfoPlist.strings */,
				46EB919117C840FE0038B07E /* main.m */,
				46EB919317C840FE0038B07E /* Let's Tailgate-Prefix.pch */,
				46EB919717C840FE0038B07E /* Default.png */,
				46EB919917C840FE0038B07E /* Default@2x.png */,
				46EB919B17C840FE0038B07E /* Default-568h@2x.png */,
			);
			name = "Supporting Files";
			sourceTree = "<group>";
		};
/* End PBXGroup section */

/* Begin PBXNativeTarget section */
		46EB918117C840FE0038B07E /* Let's Tailgate */ = {
			isa = PBXNativeTarget;
			buildConfigurationList = 46EB91A517C840FE0038B07E /* Build configuration list for PBXNativeTarget "Let's Tailgate" */;
			buildPhases = (
				46EB917E17C840FE0038B07E /* Sources */,
				46EB917F17C840FE0038B07E /* Frameworks */,
				46EB918017C840FE0038B07E /* Resources */,
			);
			buildRules = (
			);
			dependencies = (
			);
			name = "Let's Tailgate";
			productName = "Let's Tailgate";
			productReference = 46EB918217C840FE0038B07E /* Let's Tailgate.app */;
			productType = "com.apple.product-type.application";
		};
/* End PBXNativeTarget section */

/* Begin PBXProject section */
		46EB917A17C840FE0038B07E /* Project object */ = {
			isa = PBXProject;
			attributes = {
				LastUpgradeCheck = 0460;
				ORGANIZATIONNAME = "Grey Bull Studios";
			};
			buildConfigurationList = 46EB917D17C840FE0038B07E /* Build configuration list for PBXProject "Let's Tailgate" */;
			compatibilityVersion = "Xcode 3.2";
			developmentRegion = English;
			hasScannedForEncodings = 0;
			knownRegions = (
				en,
			);
			mainGroup = 46EB917917C840FE0038B07E;
			productRefGroup = 46EB918317C840FE0038B07E /* Products */;
			projectDirPath = "";
			projectRoot = "";
			targets = (
				46EB918117C840FE0038B07E /* Let's Tailgate */,
			);
		};
/* End PBXProject section */

/* Begin PBXResourcesBuildPhase section */
		46EB918017C840FE0038B07E /* Resources */ = {
			isa = PBXResourcesBuildPhase;
			buildActionMask = 2147483647;
			files = (
				46EB919017C840FE0038B07E /* InfoPlist.strings in Resources */,
				46EB919817C840FE0038B07E /* Default.png in Resources */,
				46EB919A17C840FE0038B07E /* Default@2x.png in Resources */,
				46EB919C17C840FE0038B07E /* Default-568h@2x.png in Resources */,
				46EB919F17C840FE0038B07E /* MainStoryboard.storyboard in Resources */,
				BCE16F5617C86B7900104584 /* create.sql in Resources */,
				BCE16F5717C86B7900104584 /* makedb.sh in Resources */,
				BCE16F5817C86B7900104584 /* master.db in Resources */,
			);
			runOnlyForDeploymentPostprocessing = 0;
		};
/* End PBXResourcesBuildPhase section */

/* Begin PBXSourcesBuildPhase section */
		46EB917E17C840FE0038B07E /* Sources */ = {
			isa = PBXSourcesBuildPhase;
			buildActionMask = 2147483647;
			files = (
				46EB919217C840FE0038B07E /* main.m in Sources */,
				46EB919617C840FE0038B07E /* AppDelegate.m in Sources */,
				46EB91A217C840FE0038B07E /* ViewController.m in Sources */,
				46EB91AC17C84C900038B07E /* TeamsViewController.m in Sources */,
				BC0BB97017C86E630045F965 /* DBManager.m in Sources */,
				463B78FF17C8A7F300D0E904 /* TeamNavigationBar.m in Sources */,
				463B790617C8D2DC00D0E904 /* TwitterFeedTableViewViewController.m in Sources */,
			);
			runOnlyForDeploymentPostprocessing = 0;
		};
/* End PBXSourcesBuildPhase section */

/* Begin PBXVariantGroup section */
		46EB918E17C840FE0038B07E /* InfoPlist.strings */ = {
			isa = PBXVariantGroup;
			children = (
				46EB918F17C840FE0038B07E /* en */,
			);
			name = InfoPlist.strings;
			sourceTree = "<group>";
		};
		46EB919D17C840FE0038B07E /* MainStoryboard.storyboard */ = {
			isa = PBXVariantGroup;
			children = (
				46EB919E17C840FE0038B07E /* en */,
			);
			name = MainStoryboard.storyboard;
			sourceTree = "<group>";
		};
/* End PBXVariantGroup section */

/* Begin XCBuildConfiguration section */
		46EB91A317C840FE0038B07E /* Debug */ = {
			isa = XCBuildConfiguration;
			buildSettings = {
				ALWAYS_SEARCH_USER_PATHS = NO;
				CLANG_CXX_LANGUAGE_STANDARD = "gnu++0x";
				CLANG_CXX_LIBRARY = "libc++";
				CLANG_ENABLE_OBJC_ARC = YES;
				CLANG_WARN_CONSTANT_CONVERSION = YES;
				CLANG_WARN_EMPTY_BODY = YES;
				CLANG_WARN_ENUM_CONVERSION = YES;
				CLANG_WARN_INT_CONVERSION = YES;
				CLANG_WARN__DUPLICATE_METHOD_MATCH = YES;
				"CODE_SIGN_IDENTITY[sdk=iphoneos*]" = "iPhone Developer";
				COPY_PHASE_STRIP = NO;
				GCC_C_LANGUAGE_STANDARD = gnu99;
				GCC_DYNAMIC_NO_PIC = NO;
				GCC_OPTIMIZATION_LEVEL = 0;
				GCC_PREPROCESSOR_DEFINITIONS = (
					"DEBUG=1",
					"$(inherited)",
				);
				GCC_SYMBOLS_PRIVATE_EXTERN = NO;
				GCC_WARN_ABOUT_RETURN_TYPE = YES;
				GCC_WARN_UNINITIALIZED_AUTOS = YES;
				GCC_WARN_UNUSED_VARIABLE = YES;
				IPHONEOS_DEPLOYMENT_TARGET = 6.1;
				ONLY_ACTIVE_ARCH = YES;
				SDKROOT = iphoneos;
			};
			name = Debug;
		};
		46EB91A417C840FE0038B07E /* Release */ = {
			isa = XCBuildConfiguration;
			buildSettings = {
				ALWAYS_SEARCH_USER_PATHS = NO;
				CLANG_CXX_LANGUAGE_STANDARD = "gnu++0x";
				CLANG_CXX_LIBRARY = "libc++";
				CLANG_ENABLE_OBJC_ARC = YES;
				CLANG_WARN_CONSTANT_CONVERSION = YES;
				CLANG_WARN_EMPTY_BODY = YES;
				CLANG_WARN_ENUM_CONVERSION = YES;
				CLANG_WARN_INT_CONVERSION = YES;
				CLANG_WARN__DUPLICATE_METHOD_MATCH = YES;
				"CODE_SIGN_IDENTITY[sdk=iphoneos*]" = "iPhone Developer";
				COPY_PHASE_STRIP = YES;
				GCC_C_LANGUAGE_STANDARD = gnu99;
				GCC_WARN_ABOUT_RETURN_TYPE = YES;
				GCC_WARN_UNINITIALIZED_AUTOS = YES;
				GCC_WARN_UNUSED_VARIABLE = YES;
				IPHONEOS_DEPLOYMENT_TARGET = 6.1;
				OTHER_CFLAGS = "-DNS_BLOCK_ASSERTIONS=1";
				SDKROOT = iphoneos;
				VALIDATE_PRODUCT = YES;
			};
			name = Release;
		};
		46EB91A617C840FE0038B07E /* Debug */ = {
			isa = XCBuildConfiguration;
			buildSettings = {
				GCC_PRECOMPILE_PREFIX_HEADER = YES;
				GCC_PREFIX_HEADER = "Let's Tailgate/Let's Tailgate-Prefix.pch";
				INFOPLIST_FILE = "Let's Tailgate/Let's Tailgate-Info.plist";
				PRODUCT_NAME = "$(TARGET_NAME)";
				WRAPPER_EXTENSION = app;
			};
			name = Debug;
		};
		46EB91A717C840FE0038B07E /* Release */ = {
			isa = XCBuildConfiguration;
			buildSettings = {
				GCC_PRECOMPILE_PREFIX_HEADER = YES;
				GCC_PREFIX_HEADER = "Let's Tailgate/Let's Tailgate-Prefix.pch";
				INFOPLIST_FILE = "Let's Tailgate/Let's Tailgate-Info.plist";
				PRODUCT_NAME = "$(TARGET_NAME)";
				WRAPPER_EXTENSION = app;
			};
			name = Release;
		};
/* End XCBuildConfiguration section */

/* Begin XCConfigurationList section */
		46EB917D17C840FE0038B07E /* Build configuration list for PBXProject "Let's Tailgate" */ = {
			isa = XCConfigurationList;
			buildConfigurations = (
				46EB91A317C840FE0038B07E /* Debug */,
				46EB91A417C840FE0038B07E /* Release */,
			);
			defaultConfigurationIsVisible = 0;
			defaultConfigurationName = Release;
		};
		46EB91A517C840FE0038B07E /* Build configuration list for PBXNativeTarget "Let's Tailgate" */ = {
			isa = XCConfigurationList;
			buildConfigurations = (
				46EB91A617C840FE0038B07E /* Debug */,
				46EB91A717C840FE0038B07E /* Release */,
			);
			defaultConfigurationIsVisible = 0;
			defaultConfigurationName = Release;
		};
/* End XCConfigurationList section */
	};
	rootObject = 46EB917A17C840FE0038B07E /* Project object */;
}
